
Microsoft Visual Studio Solution File, Format Version 12.00
# Visual Studio Version 16
VisualStudioVersion = 16.0.29709.97
MinimumVisualStudioVersion = 10.0.40219.1
Project("{FAE04EC0-301F-11D3-BF4B-00C04F79EFBC}") = "BatterUp", "BatterUp\BatterUp.csproj", "{664BAB19-4D7D-41AC-8449-30AAEE70CED2}"
EndProject
Global
	GlobalSection(SolutionConfigurationPlatforms) = preSolution
		Debug|Any CPU = Debug|Any CPU
		Release|Any CPU = Release|Any CPU
	EndGlobalSection
	GlobalSection(ProjectConfigurationPlatforms) = postSolution
		{664BAB19-4D7D-41AC-8449-30AAEE70CED2}.Debug|Any CPU.ActiveCfg = Debug|Any CPU
		{664BAB19-4D7D-41AC-8449-30AAEE70CED2}.Debug|Any CPU.Build.0 = Debug|Any CPU
		{664BAB19-4D7D-41AC-8449-30AAEE70CED2}.Release|Any CPU.ActiveCfg = Release|Any CPU
		{664BAB19-4D7D-41AC-8449-30AAEE70CED2}.Release|Any CPU.Build.0 = Release|Any CPU
	EndGlobalSection
	GlobalSection(SolutionProperties) = preSolution
		HideSolutionNode = FALSE
	EndGlobalSection
	GlobalSection(ExtensibilityGlobals) = postSolution
		SolutionGuid = {16C0E884-351A-43D1-991C-ED33810EA74D}
	EndGlobalSection
EndGlobal
